// !$*UTF8*$!
{
	archiveVersion = 1;
	classes = {
	};
	objectVersion = 50;
	objects = {

/* Begin PBXBuildFile section */
		C25584EB22D1805600EC6081 /* AppDelegate.swift in Sources */ = {isa = PBXBuildFile; fileRef = C25584EA22D1805600EC6081 /* AppDelegate.swift */; };
		C25584ED22D1805600EC6081 /* ViewController.swift in Sources */ = {isa = PBXBuildFile; fileRef = C25584EC22D1805600EC6081 /* ViewController.swift */; };
		C25584F022D1805600EC6081 /* Main.storyboard in Resources */ = {isa = PBXBuildFile; fileRef = C25584EE22D1805600EC6081 /* Main.storyboard */; };
		C25584F222D1805700EC6081 /* Assets.xcassets in Resources */ = {isa = PBXBuildFile; fileRef = C25584F122D1805700EC6081 /* Assets.xcassets */; };
		C25584F522D1805700EC6081 /* LaunchScreen.storyboard in Resources */ = {isa = PBXBuildFile; fileRef = C25584F322D1805700EC6081 /* LaunchScreen.storyboard */; };
		C255850022D1805700EC6081 /* cameraTests.swift in Sources */ = {isa = PBXBuildFile; fileRef = C25584FF22D1805700EC6081 /* cameraTests.swift */; };
		C255850B22D1805700EC6081 /* cameraUITests.swift in Sources */ = {isa = PBXBuildFile; fileRef = C255850A22D1805700EC6081 /* cameraUITests.swift */; };
/* End PBXBuildFile section */

/* Begin PBXContainerItemProxy section */
		C25584FC22D1805700EC6081 /* PBXContainerItemProxy */ = {
			isa = PBXContainerItemProxy;
			containerPortal = C25584DF22D1805600EC6081 /* Project object */;
			proxyType = 1;
			remoteGlobalIDString = C25584E622D1805600EC6081;
			remoteInfo = camera;
		};
		C255850722D1805700EC6081 /* PBXContainerItemProxy */ = {
			isa = PBXContainerItemProxy;
			containerPortal = C25584DF22D1805600EC6081 /* Project object */;
			proxyType = 1;
			remoteGlobalIDString = C25584E622D1805600EC6081;
			remoteInfo = camera;
		};
/* End PBXContainerItemProxy section */

/* Begin PBXFileReference section */
		C25584E722D1805600EC6081 /* camera.app */ = {isa = PBXFileReference; explicitFileType = wrapper.application; includeInIndex = 0; path = camera.app; sourceTree = BUILT_PRODUCTS_DIR; };
		C25584EA22D1805600EC6081 /* AppDelegate.swift */ = {isa = PBXFileReference; lastKnownFileType = sourcecode.swift; path = AppDelegate.swift; sourceTree = "<group>"; };
		C25584EC22D1805600EC6081 /* ViewController.swift */ = {isa = PBXFileReference; lastKnownFileType = sourcecode.swift; path = ViewController.swift; sourceTree = "<group>"; };
		C25584EF22D1805600EC6081 /* Base */ = {isa = PBXFileReference; lastKnownFileType = file.storyboard; name = Base; path = Base.lproj/Main.storyboard; sourceTree = "<group>"; };
		C25584F122D1805700EC6081 /* Assets.xcassets */ = {isa = PBXFileReference; lastKnownFileType = folder.assetcatalog; path = Assets.xcassets; sourceTree = "<group>"; };
		C25584F422D1805700EC6081 /* Base */ = {isa = PBXFileReference; lastKnownFileType = file.storyboard; name = Base; path = Base.lproj/LaunchScreen.storyboard; sourceTree = "<group>"; };
		C25584F622D1805700EC6081 /* Info.plist */ = {isa = PBXFileReference; lastKnownFileType = text.plist.xml; path = Info.plist; sourceTree = "<group>"; };
		C25584FB22D1805700EC6081 /* cameraTests.xctest */ = {isa = PBXFileReference; explicitFileType = wrapper.cfbundle; includeInIndex = 0; path = cameraTests.xctest; sourceTree = BUILT_PRODUCTS_DIR; };
		C25584FF22D1805700EC6081 /* cameraTests.swift */ = {isa = PBXFileReference; lastKnownFileType = sourcecode.swift; path = cameraTests.swift; sourceTree = "<group>"; };
		C255850122D1805700EC6081 /* Info.plist */ = {isa = PBXFileReference; lastKnownFileType = text.plist.xml; path = Info.plist; sourceTree = "<group>"; };
		C255850622D1805700EC6081 /* cameraUITests.xctest */ = {isa = PBXFileReference; explicitFileType = wrapper.cfbundle; includeInIndex = 0; path = cameraUITests.xctest; sourceTree = BUILT_PRODUCTS_DIR; };
		C255850A22D1805700EC6081 /* cameraUITests.swift */ = {isa = PBXFileReference; lastKnownFileType = sourcecode.swift; path = cameraUITests.swift; sourceTree = "<group>"; };
		C255850C22D1805700EC6081 /* Info.plist */ = {isa = PBXFileReference; lastKnownFileType = text.plist.xml; path = Info.plist; sourceTree = "<group>"; };
/* End PBXFileReference section */

/* Begin PBXFrameworksBuildPhase section */
		C25584E422D1805600EC6081 /* Frameworks */ = {
			isa = PBXFrameworksBuildPhase;
			buildActionMask = 2147483647;
			files = (
			);
			runOnlyForDeploymentPostprocessing = 0;
		};
		C25584F822D1805700EC6081 /* Frameworks */ = {
			isa = PBXFrameworksBuildPhase;
			buildActionMask = 2147483647;
			files = (
			);
			runOnlyForDeploymentPostprocessing = 0;
		};
		C255850322D1805700EC6081 /* Frameworks */ = {
			isa = PBXFrameworksBuildPhase;
			buildActionMask = 2147483647;
			files = (
			);
			runOnlyForDeploymentPostprocessing = 0;
		};
/* End PBXFrameworksBuildPhase section */

/* Begin PBXGroup section */
		C25584DE22D1805600EC6081 = {
			isa = PBXGroup;
			children = (
				C25584E922D1805600EC6081 /* camera */,
				C25584FE22D1805700EC6081 /* cameraTests */,
				C255850922D1805700EC6081 /* cameraUITests */,
				C25584E822D1805600EC6081 /* Products */,
			);
			sourceTree = "<group>";
		};
		C25584E822D1805600EC6081 /* Products */ = {
			isa = PBXGroup;
			children = (
				C25584E722D1805600EC6081 /* camera.app */,
				C25584FB22D1805700EC6081 /* cameraTests.xctest */,
				C255850622D1805700EC6081 /* cameraUITests.xctest */,
			);
			name = Products;
			sourceTree = "<group>";
		};
		C25584E922D1805600EC6081 /* camera */ = {
			isa = PBXGroup;
			children = (
				C25584EA22D1805600EC6081 /* AppDelegate.swift */,
				C25584EC22D1805600EC6081 /* ViewController.swift */,
				C25584EE22D1805600EC6081 /* Main.storyboard */,
				C25584F122D1805700EC6081 /* Assets.xcassets */,
				C25584F322D1805700EC6081 /* LaunchScreen.storyboard */,
				C25584F622D1805700EC6081 /* Info.plist */,
			);
			path = camera;
			sourceTree = "<group>";
		};
		C25584FE22D1805700EC6081 /* cameraTests */ = {
			isa = PBXGroup;
			children = (
				C25584FF22D1805700EC6081 /* cameraTests.swift */,
				C255850122D1805700EC6081 /* Info.plist */,
			);
			path = cameraTests;
			sourceTree = "<group>";
		};
		C255850922D1805700EC6081 /* cameraUITests */ = {
			isa = PBXGroup;
			children = (
				C255850A22D1805700EC6081 /* cameraUITests.swift */,
				C255850C22D1805700EC6081 /* Info.plist */,
			);
			path = cameraUITests;
			sourceTree = "<group>";
		};
/* End PBXGroup section */

/* Begin PBXNativeTarget section */
		C25584E622D1805600EC6081 /* camera */ = {
			isa = PBXNativeTarget;
			buildConfigurationList = C255850F22D1805700EC6081 /* Build configuration list for PBXNativeTarget "camera" */;
			buildPhases = (
				C25584E322D1805600EC6081 /* Sources */,
				C25584E422D1805600EC6081 /* Frameworks */,
				C25584E522D1805600EC6081 /* Resources */,
			);
			buildRules = (
			);
			dependencies = (
			);
			name = camera;
			productName = camera;
			productReference = C25584E722D1805600EC6081 /* camera.app */;
			productType = "com.apple.product-type.application";
		};
		C25584FA22D1805700EC6081 /* cameraTests */ = {
			isa = PBXNativeTarget;
			buildConfigurationList = C255851222D1805700EC6081 /* Build configuration list for PBXNativeTarget "cameraTests" */;
			buildPhases = (
				C25584F722D1805700EC6081 /* Sources */,
				C25584F822D1805700EC6081 /* Frameworks */,
				C25584F922D1805700EC6081 /* Resources */,
			);
			buildRules = (
			);
			dependencies = (
				C25584FD22D1805700EC6081 /* PBXTargetDependency */,
			);
			name = cameraTests;
			productName = cameraTests;
			productReference = C25584FB22D1805700EC6081 /* cameraTests.xctest */;
			productType = "com.apple.product-type.bundle.unit-test";
		};
		C255850522D1805700EC6081 /* cameraUITests */ = {
			isa = PBXNativeTarget;
			buildConfigurationList = C255851522D1805700EC6081 /* Build configuration list for PBXNativeTarget "cameraUITests" */;
			buildPhases = (
				C255850222D1805700EC6081 /* Sources */,
				C255850322D1805700EC6081 /* Frameworks */,
				C255850422D1805700EC6081 /* Resources */,
			);
			buildRules = (
			);
			dependencies = (
				C255850822D1805700EC6081 /* PBXTargetDependency */,
			);
			name = cameraUITests;
			productName = cameraUITests;
			productReference = C255850622D1805700EC6081 /* cameraUITests.xctest */;
			productType = "com.apple.product-type.bundle.ui-testing";
		};
/* End PBXNativeTarget section */

/* Begin PBXProject section */
		C25584DF22D1805600EC6081 /* Project object */ = {
			isa = PBXProject;
			attributes = {
				LastSwiftUpdateCheck = 1020;
				LastUpgradeCheck = 1020;
				ORGANIZATIONNAME = "Kevin Chan";
				TargetAttributes = {
					C25584E622D1805600EC6081 = {
						CreatedOnToolsVersion = 10.2.1;
					};
					C25584FA22D1805700EC6081 = {
						CreatedOnToolsVersion = 10.2.1;
						TestTargetID = C25584E622D1805600EC6081;
					};
					C255850522D1805700EC6081 = {
						CreatedOnToolsVersion = 10.2.1;
						TestTargetID = C25584E622D1805600EC6081;
					};
				};
			};
			buildConfigurationList = C25584E222D1805600EC6081 /* Build configuration list for PBXProject "camera" */;
			compatibilityVersion = "Xcode 9.3";
			developmentRegion = en;
			hasScannedForEncodings = 0;
			knownRegions = (
				en,
				Base,
			);
			mainGroup = C25584DE22D1805600EC6081;
			productRefGroup = C25584E822D1805600EC6081 /* Products */;
			projectDirPath = "";
			projectRoot = "";
			targets = (
				C25584E622D1805600EC6081 /* camera */,
				C25584FA22D1805700EC6081 /* cameraTests */,
				C255850522D1805700EC6081 /* cameraUITests */,
			);
		};
/* End PBXProject section */

/* Begin PBXResourcesBuildPhase section */
		C25584E522D1805600EC6081 /* Resources */ = {
			isa = PBXResourcesBuildPhase;
			buildActionMask = 2147483647;
			files = (
				C25584F522D1805700EC6081 /* LaunchScreen.storyboard in Resources */,
				C25584F222D1805700EC6081 /* Assets.xcassets in Resources */,
				C25584F022D1805600EC6081 /* Main.storyboard in Resources */,
			);
			runOnlyForDeploymentPostprocessing = 0;
		};
		C25584F922D1805700EC6081 /* Resources */ = {
			isa = PBXResourcesBuildPhase;
			buildActionMask = 2147483647;
			files = (
			);
			runOnlyForDeploymentPostprocessing = 0;
		};
		C255850422D1805700EC6081 /* Resources */ = {
			isa = PBXResourcesBuildPhase;
			buildActionMask = 2147483647;
			files = (
			);
			runOnlyForDeploymentPostprocessing = 0;
		};
/* End PBXResourcesBuildPhase section */

/* Begin PBXSourcesBuildPhase section */
		C25584E322D1805600EC6081 /* Sources */ = {
			isa = PBXSourcesBuildPhase;
			buildActionMask = 2147483647;
			files = (
				C25584ED22D1805600EC6081 /* ViewController.swift in Sources */,
				C25584EB22D1805600EC6081 /* AppDelegate.swift in Sources */,
			);
			runOnlyForDeploymentPostprocessing = 0;
		};
		C25584F722D1805700EC6081 /* Sources */ = {
			isa = PBXSourcesBuildPhase;
			buildActionMask = 2147483647;
			files = (
				C255850022D1805700EC6081 /* cameraTests.swift in Sources */,
			);
			runOnlyForDeploymentPostprocessing = 0;
		};
		C255850222D1805700EC6081 /* Sources */ = {
			isa = PBXSourcesBuildPhase;
			buildActionMask = 2147483647;
			files = (
				C255850B22D1805700EC6081 /* cameraUITests.swift in Sources */,
			);
			runOnlyForDeploymentPostprocessing = 0;
		};
/* End PBXSourcesBuildPhase section */

/* Begin PBXTargetDependency section */
		C25584FD22D1805700EC6081 /* PBXTargetDependency */ = {
			isa = PBXTargetDependency;
			target = C25584E622D1805600EC6081 /* camera */;
			targetProxy = C25584FC22D1805700EC6081 /* PBXContainerItemProxy */;
		};
		C255850822D1805700EC6081 /* PBXTargetDependency */ = {
			isa = PBXTargetDependency;
			target = C25584E622D1805600EC6081 /* camera */;
			targetProxy = C255850722D1805700EC6081 /* PBXContainerItemProxy */;
		};
/* End PBXTargetDependency section */

/* Begin PBXVariantGroup section */
		C25584EE22D1805600EC6081 /* Main.storyboard */ = {
			isa = PBXVariantGroup;
			children = (
				C25584EF22D1805600EC6081 /* Base */,
			);
			name = Main.storyboard;
			sourceTree = "<group>";
		};
		C25584F322D1805700EC6081 /* LaunchScreen.storyboard */ = {
			isa = PBXVariantGroup;
			children = (
				C25584F422D1805700EC6081 /* Base */,
			);
			name = LaunchScreen.storyboard;
			sourceTree = "<group>";
		};
/* End PBXVariantGroup section */

/* Begin XCBuildConfiguration section */
		C255850D22D1805700EC6081 /* Debug */ = {
			isa = XCBuildConfiguration;
			buildSettings = {
				ALWAYS_SEARCH_USER_PATHS = NO;
				CLANG_ANALYZER_NONNULL = YES;
				CLANG_ANALYZER_NUMBER_OBJECT_CONVERSION = YES_AGGRESSIVE;
				CLANG_CXX_LANGUAGE_STANDARD = "gnu++14";
				CLANG_CXX_LIBRARY = "libc++";
				CLANG_ENABLE_MODULES = YES;
				CLANG_ENABLE_OBJC_ARC = YES;
				CLANG_ENABLE_OBJC_WEAK = YES;
				CLANG_WARN_BLOCK_CAPTURE_AUTORELEASING = YES;
				CLANG_WARN_BOOL_CONVERSION = YES;
				CLANG_WARN_COMMA = YES;
				CLANG_WARN_CONSTANT_CONVERSION = YES;
				CLANG_WARN_DEPRECATED_OBJC_IMPLEMENTATIONS = YES;
				CLANG_WARN_DIRECT_OBJC_ISA_USAGE = YES_ERROR;
				CLANG_WARN_DOCUMENTATION_COMMENTS = YES;
				CLANG_WARN_EMPTY_BODY = YES;
				CLANG_WARN_ENUM_CONVERSION = YES;
				CLANG_WARN_INFINITE_RECURSION = YES;
				CLANG_WARN_INT_CONVERSION = YES;
				CLANG_WARN_NON_LITERAL_NULL_CONVERSION = YES;
				CLANG_WARN_OBJC_IMPLICIT_RETAIN_SELF = YES;
				CLANG_WARN_OBJC_LITERAL_CONVERSION = YES;
				CLANG_WARN_OBJC_ROOT_CLASS = YES_ERROR;
				CLANG_WARN_RANGE_LOOP_ANALYSIS = YES;
				CLANG_WARN_STRICT_PROTOTYPES = YES;
				CLANG_WARN_SUSPICIOUS_MOVE = YES;
				CLANG_WARN_UNGUARDED_AVAILABILITY = YES_AGGRESSIVE;
				CLANG_WARN_UNREACHABLE_CODE = YES;
				CLANG_WARN__DUPLICATE_METHOD_MATCH = YES;
				CODE_SIGN_IDENTITY = "iPhone Developer";
				COPY_PHASE_STRIP = NO;
				DEBUG_INFORMATION_FORMAT = dwarf;
				ENABLE_STRICT_OBJC_MSGSEND = YES;
				ENABLE_TESTABILITY = YES;
				GCC_C_LANGUAGE_STANDARD = gnu11;
				GCC_DYNAMIC_NO_PIC = NO;
				GCC_NO_COMMON_BLOCKS = YES;
				GCC_OPTIMIZATION_LEVEL = 0;
				GCC_PREPROCESSOR_DEFINITIONS = (
					"DEBUG=1",
					"$(inherited)",
				);
				GCC_WARN_64_TO_32_BIT_CONVERSION = YES;
				GCC_WARN_ABOUT_RETURN_TYPE = YES_ERROR;
				GCC_WARN_UNDECLARED_SELECTOR = YES;
				GCC_WARN_UNINITIALIZED_AUTOS = YES_AGGRESSIVE;
				GCC_WARN_UNUSED_FUNCTION = YES;
				GCC_WARN_UNUSED_VARIABLE = YES;
				IPHONEOS_DEPLOYMENT_TARGET = 12.2;
				MTL_ENABLE_DEBUG_INFO = INCLUDE_SOURCE;
				MTL_FAST_MATH = YES;
				ONLY_ACTIVE_ARCH = YES;
				SDKROOT = iphoneos;
				SWIFT_ACTIVE_COMPILATION_CONDITIONS = DEBUG;
				SWIFT_OPTIMIZATION_LEVEL = "-Onone";
			};
			name = Debug;
		};
		C255850E22D1805700EC6081 /* Release */ = {
			isa = XCBuildConfiguration;
			buildSettings = {
				ALWAYS_SEARCH_USER_PATHS = NO;
				CLANG_ANALYZER_NONNULL = YES;
				CLANG_ANALYZER_NUMBER_OBJECT_CONVERSION = YES_AGGRESSIVE;
				CLANG_CXX_LANGUAGE_STANDARD = "gnu++14";
				CLANG_CXX_LIBRARY = "libc++";
				CLANG_ENABLE_MODULES = YES;
				CLANG_ENABLE_OBJC_ARC = YES;
				CLANG_ENABLE_OBJC_WEAK = YES;
				CLANG_WARN_BLOCK_CAPTURE_AUTORELEASING = YES;
				CLANG_WARN_BOOL_CONVERSION = YES;
				CLANG_WARN_COMMA = YES;
				CLANG_WARN_CONSTANT_CONVERSION = YES;
				CLANG_WARN_DEPRECATED_OBJC_IMPLEMENTATIONS = YES;
				CLANG_WARN_DIRECT_OBJC_ISA_USAGE = YES_ERROR;
				CLANG_WARN_DOCUMENTATION_COMMENTS = YES;
				CLANG_WARN_EMPTY_BODY = YES;
				CLANG_WARN_ENUM_CONVERSION = YES;
				CLANG_WARN_INFINITE_RECURSION = YES;
				CLANG_WARN_INT_CONVERSION = YES;
				CLANG_WARN_NON_LITERAL_NULL_CONVERSION = YES;
				CLANG_WARN_OBJC_IMPLICIT_RETAIN_SELF = YES;
				CLANG_WARN_OBJC_LITERAL_CONVERSION = YES;
				CLANG_WARN_OBJC_ROOT_CLASS = YES_ERROR;
				CLANG_WARN_RANGE_LOOP_ANALYSIS = YES;
				CLANG_WARN_STRICT_PROTOTYPES = YES;
				CLANG_WARN_SUSPICIOUS_MOVE = YES;
				CLANG_WARN_UNGUARDED_AVAILABILITY = YES_AGGRESSIVE;
				CLANG_WARN_UNREACHABLE_CODE = YES;
				CLANG_WARN__DUPLICATE_METHOD_MATCH = YES;
				CODE_SIGN_IDENTITY = "iPhone Developer";
				COPY_PHASE_STRIP = NO;
				DEBUG_INFORMATION_FORMAT = "dwarf-with-dsym";
				ENABLE_NS_ASSERTIONS = NO;
				ENABLE_STRICT_OBJC_MSGSEND = YES;
				GCC_C_LANGUAGE_STANDARD = gnu11;
				GCC_NO_COMMON_BLOCKS = YES;
				GCC_WARN_64_TO_32_BIT_CONVERSION = YES;
				GCC_WARN_ABOUT_RETURN_TYPE = YES_ERROR;
				GCC_WARN_UNDECLARED_SELECTOR = YES;
				GCC_WARN_UNINITIALIZED_AUTOS = YES_AGGRESSIVE;
				GCC_WARN_UNUSED_FUNCTION = YES;
				GCC_WARN_UNUSED_VARIABLE = YES;
				IPHONEOS_DEPLOYMENT_TARGET = 12.2;
				MTL_ENABLE_DEBUG_INFO = NO;
				MTL_FAST_MATH = YES;
				SDKROOT = iphoneos;
				SWIFT_COMPILATION_MODE = wholemodule;
				SWIFT_OPTIMIZATION_LEVEL = "-O";
				VALIDATE_PRODUCT = YES;
			};
			name = Release;
		};
		C255851022D1805700EC6081 /* Debug */ = {
			isa = XCBuildConfiguration;
			buildSettings = {
				ASSETCATALOG_COMPILER_APPICON_NAME = AppIcon;
				CODE_SIGN_STYLE = Automatic;
				DEVELOPMENT_TEAM = CH32CYHM29;
				INFOPLIST_FILE = camera/Info.plist;
				LD_RUNPATH_SEARCH_PATHS = (
					"$(inherited)",
					"@executable_path/Frameworks",
				);
				PRODUCT_BUNDLE_IDENTIFIER = com.kevinchan.camera;
				PRODUCT_NAME = "$(TARGET_NAME)";
				SWIFT_VERSION = 5.0;
				TARGETED_DEVICE_FAMILY = "1,2";
			};
			name = Debug;
		};
		C255851122D1805700EC6081 /* Release */ = {
			isa = XCBuildConfiguration;
			buildSettings = {
				ASSETCATALOG_COMPILER_APPICON_NAME = AppIcon;
				CODE_SIGN_STYLE = Automatic;
				DEVELOPMENT_TEAM = CH32CYHM29;
				INFOPLIST_FILE = camera/Info.plist;
				LD_RUNPATH_SEARCH_PATHS = (
					"$(inherited)",
					"@executable_path/Frameworks",
				);
				PRODUCT_BUNDLE_IDENTIFIER = com.kevinchan.camera;
				PRODUCT_NAME = "$(TARGET_NAME)";
				SWIFT_VERSION = 5.0;
				TARGETED_DEVICE_FAMILY = "1,2";
			};
			name = Release;
		};
		C255851322D1805700EC6081 /* Debug */ = {
			isa = XCBuildConfiguration;
			buildSettings = {
				ALWAYS_EMBED_SWIFT_STANDARD_LIBRARIES = YES;
				BUNDLE_LOADER = "$(TEST_HOST)";
				CODE_SIGN_STYLE = Automatic;
				DEVELOPMENT_TEAM = CH32CYHM29;
				INFOPLIST_FILE = cameraTests/Info.plist;
				LD_RUNPATH_SEARCH_PATHS = (
					"$(inherited)",
					"@executable_path/Frameworks",
					"@loader_path/Frameworks",
				);
				PRODUCT_BUNDLE_IDENTIFIER = com.kevinchan.cameraTests;
				PRODUCT_NAME = "$(TARGET_NAME)";
				SWIFT_VERSION = 5.0;
				TARGETED_DEVICE_FAMILY = "1,2";
				TEST_HOST = "$(BUILT_PRODUCTS_DIR)/camera.app/camera";
			};
			name = Debug;
		};
		C255851422D1805700EC6081 /* Release */ = {
			isa = XCBuildConfiguration;
			buildSettings = {
				ALWAYS_EMBED_SWIFT_STANDARD_LIBRARIES = YES;
				BUNDLE_LOADER = "$(TEST_HOST)";
				CODE_SIGN_STYLE = Automatic;
				DEVELOPMENT_TEAM = CH32CYHM29;
				INFOPLIST_FILE = cameraTests/Info.plist;
				LD_RUNPATH_SEARCH_PATHS = (
					"$(inherited)",
					"@executable_path/Frameworks",
					"@loader_path/Frameworks",
				);
				PRODUCT_BUNDLE_IDENTIFIER = com.kevinchan.cameraTests;
				PRODUCT_NAME = "$(TARGET_NAME)";
				SWIFT_VERSION = 5.0;
				TARGETED_DEVICE_FAMILY = "1,2";
				TEST_HOST = "$(BUILT_PRODUCTS_DIR)/camera.app/camera";
			};
			name = Release;
		};
		C255851622D1805700EC6081 /* Debug */ = {
			isa = XCBuildConfiguration;
			buildSettings = {
				ALWAYS_EMBED_SWIFT_STANDARD_LIBRARIES = YES;
				CODE_SIGN_STYLE = Automatic;
				DEVELOPMENT_TEAM = CH32CYHM29;
				INFOPLIST_FILE = cameraUITests/Info.plist;
				LD_RUNPATH_SEARCH_PATHS = (
					"$(inherited)",
					"@executable_path/Frameworks",
					"@loader_path/Frameworks",
				);
				PRODUCT_BUNDLE_IDENTIFIER = com.kevinchan.cameraUITests;
				PRODUCT_NAME = "$(TARGET_NAME)";
				SWIFT_VERSION = 5.0;
				TARGETED_DEVICE_FAMILY = "1,2";
				TEST_TARGET_NAME = camera;
			};
			name = Debug;
		};
		C255851722D1805700EC6081 /* Release */ = {
			isa = XCBuildConfiguration;
			buildSettings = {
				ALWAYS_EMBED_SWIFT_STANDARD_LIBRARIES = YES;
				CODE_SIGN_STYLE = Automatic;
				DEVELOPMENT_TEAM = CH32CYHM29;
				INFOPLIST_FILE = cameraUITests/Info.plist;
				LD_RUNPATH_SEARCH_PATHS = (
					"$(inherited)",
					"@executable_path/Frameworks",
					"@loader_path/Frameworks",
				);
				PRODUCT_BUNDLE_IDENTIFIER = com.kevinchan.cameraUITests;
				PRODUCT_NAME = "$(TARGET_NAME)";
				SWIFT_VERSION = 5.0;
				TARGETED_DEVICE_FAMILY = "1,2";
				TEST_TARGET_NAME = camera;
			};
			name = Release;
		};
/* End XCBuildConfiguration section */

/* Begin XCConfigurationList section */
		C25584E222D1805600EC6081 /* Build configuration list for PBXProject "camera" */ = {
			isa = XCConfigurationList;
			buildConfigurations = (
				C255850D22D1805700EC6081 /* Debug */,
				C255850E22D1805700EC6081 /* Release */,
			);
			defaultConfigurationIsVisible = 0;
			defaultConfigurationName = Release;
		};
		C255850F22D1805700EC6081 /* Build configuration list for PBXNativeTarget "camera" */ = {
			isa = XCConfigurationList;
			buildConfigurations = (
				C255851022D1805700EC6081 /* Debug */,
				C255851122D1805700EC6081 /* Release */,
			);
			defaultConfigurationIsVisible = 0;
			defaultConfigurationName = Release;
		};
		C255851222D1805700EC6081 /* Build configuration list for PBXNativeTarget "cameraTests" */ = {
			isa = XCConfigurationList;
			buildConfigurations = (
				C255851322D1805700EC6081 /* Debug */,
				C255851422D1805700EC6081 /* Release */,
			);
			defaultConfigurationIsVisible = 0;
			defaultConfigurationName = Release;
		};
		C255851522D1805700EC6081 /* Build configuration list for PBXNativeTarget "cameraUITests" */ = {
			isa = XCConfigurationList;
			buildConfigurations = (
				C255851622D1805700EC6081 /* Debug */,
				C255851722D1805700EC6081 /* Release */,
			);
			defaultConfigurationIsVisible = 0;
			defaultConfigurationName = Release;
		};
/* End XCConfigurationList section */
	};
	rootObject = C25584DF22D1805600EC6081 /* Project object */;
}
